<?xml version="1.0" encoding="utf-8"?>
<Project ToolsVersion="4.0" xmlns="http://schemas.microsoft.com/developer/msbuild/2003">
  <ItemGroup>
    <ClCompile Include="src\ofApp.cpp">
      <Filter>src</Filter>
    </ClCompile>
    <ClCompile Include="src\main.cpp">
      <Filter>src</Filter>
    </ClCompile>
    <ClCompile Include="..\..\..\addons\ofxAudioFile\src\ofxAudioFile.cpp" />
    <ClCompile Include="..\..\..\addons\ofxImGui\libs\imgui\src\imgui.cpp" />
    <ClCompile Include="..\..\..\addons\ofxImGui\libs\imgui\src\imgui_demo.cpp" />
    <ClCompile Include="..\..\..\addons\ofxImGui\libs\imgui\src\imgui_draw.cpp" />
    <ClCompile Include="..\..\..\addons\ofxImGui\libs\imgui\src\imgui_widgets.cpp" />
    <ClCompile Include="..\..\..\addons\ofxImGui\src\BaseEngine.cpp" />
    <ClCompile Include="..\..\..\addons\ofxImGui\src\CorporateGreyTheme.cpp" />
    <ClCompile Include="..\..\..\addons\ofxImGui\src\DefaultTheme.cpp" />
    <ClCompile Include="..\..\..\addons\ofxImGui\src\EngineGLFW.cpp" />
    <ClCompile Include="..\..\..\addons\ofxImGui\src\EngineOpenGLES.cpp" />
    <ClCompile Include="..\..\..\addons\ofxImGui\src\EngineVk.cpp" />
    <ClCompile Include="..\..\..\addons\ofxImGui\src\Gui.cpp" />
    <ClCompile Include="..\..\..\addons\ofxImGui\src\Helpers.cpp" />
    <ClCompile Include="..\..\..\addons\ofxImGui\src\ofxImGuiLoggerChannel.cpp" />
    <ClCompile Include="..\..\..\addons\ofxMidi\libs\rtmidi\RtMidi.cpp" />
    <ClCompile Include="..\..\..\addons\ofxMidi\src\desktop\ofxRtMidiIn.cpp" />
    <ClCompile Include="..\..\..\addons\ofxMidi\src\desktop\ofxRtMidiOut.cpp" />
    <ClCompile Include="..\..\..\addons\ofxMidi\src\ofxBaseMidi.cpp" />
    <ClCompile Include="..\..\..\addons\ofxMidi\src\ofxMidi.cpp" />
    <ClCompile Include="..\..\..\addons\ofxMidi\src\ofxMidiClock.cpp" />
    <ClCompile Include="..\..\..\addons\ofxMidi\src\ofxMidiIn.cpp" />
    <ClCompile Include="..\..\..\addons\ofxMidi\src\ofxMidiMessage.cpp" />
    <ClCompile Include="..\..\..\addons\ofxMidi\src\ofxMidiOut.cpp" />
    <ClCompile Include="..\..\..\addons\ofxMidi\src\ofxMidiTimecode.cpp" />
    <ClCompile Include="..\..\..\addons\ofxOsc\libs\oscpack\src\ip\IpEndpointName.cpp" />
    <ClCompile Include="..\..\..\addons\ofxOsc\libs\oscpack\src\ip\posix\NetworkingUtils.cpp" />
    <ClCompile Include="..\..\..\addons\ofxOsc\libs\oscpack\src\ip\posix\UdpSocket.cpp" />
    <ClCompile Include="..\..\..\addons\ofxOsc\libs\oscpack\src\ip\win32\NetworkingUtils.cpp" />
    <ClCompile Include="..\..\..\addons\ofxOsc\libs\oscpack\src\ip\win32\UdpSocket.cpp" />
    <ClCompile Include="..\..\..\addons\ofxOsc\libs\oscpack\src\osc\OscOutboundPacketStream.cpp" />
    <ClCompile Include="..\..\..\addons\ofxOsc\libs\oscpack\src\osc\OscPrintReceivedElements.cpp" />
    <ClCompile Include="..\..\..\addons\ofxOsc\libs\oscpack\src\osc\OscReceivedElements.cpp" />
    <ClCompile Include="..\..\..\addons\ofxOsc\libs\oscpack\src\osc\OscTypes.cpp" />
    <ClCompile Include="..\..\..\addons\ofxOsc\src\ofxOscBundle.cpp" />
    <ClCompile Include="..\..\..\addons\ofxOsc\src\ofxOscMessage.cpp" />
    <ClCompile Include="..\..\..\addons\ofxOsc\src\ofxOscParameterSync.cpp" />
    <ClCompile Include="..\..\..\addons\ofxOsc\src\ofxOscReceiver.cpp" />
    <ClCompile Include="..\..\..\addons\ofxOsc\src\ofxOscSender.cpp" />
    <ClCompile Include="..\..\..\addons\ofxPDSP\libs\audiofft\AudioFFT.cpp" />
    <ClCompile Include="..\..\..\addons\ofxPDSP\src\DSP\control\SequencerBridge.cpp" />
    <ClCompile Include="..\..\..\addons\ofxPDSP\src\DSP\control\SequencerGateOutput.cpp" />
    <ClCompile Include="..\..\..\addons\ofxPDSP\src\DSP\control\SequencerValueOutput.cpp" />
    <ClCompile Include="..\..\..\addons\ofxPDSP\src\DSP\control\ToGateTrigger.cpp" />
    <ClCompile Include="..\..\..\addons\ofxPDSP\src\DSP\control\TriggerControl.cpp" />
    <ClCompile Include="..\..\..\addons\ofxPDSP\src\DSP\control\TriggerGeiger.cpp" />
    <ClCompile Include="..\..\..\addons\ofxPDSP\src\DSP\control\ValueControl.cpp" />
    <ClCompile Include="..\..\..\addons\ofxPDSP\src\DSP\convolution\FDLConvolver.cpp" />
    <ClCompile Include="..\..\..\addons\ofxPDSP\src\DSP\core\Amp.cpp" />
    <ClCompile Include="..\..\..\addons\ofxPDSP\src\DSP\core\BasicNodes.cpp" />
    <ClCompile Include="..\..\..\addons\ofxPDSP\src\DSP\core\BufferShell.cpp" />
    <ClCompile Include="..\..\..\addons\ofxPDSP\src\DSP\core\ExternalInput.cpp" />
    <ClCompile Include="..\..\..\addons\ofxPDSP\src\DSP\core\Formula.cpp" />
    <ClCompile Include="..\..\..\addons\ofxPDSP\src\DSP\core\leftSum.cpp" />
    <ClCompile Include="..\..\..\addons\ofxPDSP\src\DSP\core\operators.cpp" />
    <ClCompile Include="..\..\..\addons\ofxPDSP\src\DSP\core\PatchNode.cpp" />
    <ClCompile Include="..\..\..\addons\ofxPDSP\src\DSP\core\Preparable.cpp" />
    <ClCompile Include="..\..\..\addons\ofxPDSP\src\DSP\core\Processor.cpp" />
    <ClCompile Include="..\..\..\addons\ofxPDSP\src\DSP\core\Switch.cpp" />
    <ClCompile Include="..\..\..\addons\ofxPDSP\src\DSP\delays\AllPassDelay.cpp" />
    <ClCompile Include="..\..\..\addons\ofxPDSP\src\DSP\delays\Delay.cpp" />
    <ClCompile Include="..\..\..\addons\ofxPDSP\src\DSP\delays\SRDelay.cpp" />
    <ClCompile Include="..\..\..\addons\ofxPDSP\src\DSP\dynamics\AbsoluteValue.cpp" />
    <ClCompile Include="..\..\..\addons\ofxPDSP\src\DSP\dynamics\EnvelopeFollower.cpp" />
    <ClCompile Include="..\..\..\addons\ofxPDSP\src\DSP\dynamics\GainComputer.cpp" />
    <ClCompile Include="..\..\..\addons\ofxPDSP\src\DSP\dynamics\LHDelay.cpp" />
    <ClCompile Include="..\..\..\addons\ofxPDSP\src\DSP\dynamics\PositiveValue.cpp" />
    <ClCompile Include="..\..\..\addons\ofxPDSP\src\DSP\dynamics\RMSDetector.cpp" />
    <ClCompile Include="..\..\..\addons\ofxPDSP\src\DSP\dynamics\SquarePeakDetector.cpp" />
    <ClCompile Include="..\..\..\addons\ofxPDSP\src\DSP\envelopes\ADSR.cpp" />
    <ClCompile Include="..\..\..\addons\ofxPDSP\src\DSP\envelopes\AHR.cpp" />
    <ClCompile Include="..\..\..\addons\ofxPDSP\src\DSP\envelopes\stages\EnvelopeStage.cpp" />
    <ClCompile Include="..\..\..\addons\ofxPDSP\src\DSP\filters\APF1.cpp" />
    <ClCompile Include="..\..\..\addons\ofxPDSP\src\DSP\filters\APF4.cpp" />
    <ClCompile Include="..\..\..\addons\ofxPDSP\src\DSP\filters\biquads\BiquadBase.cpp" />
    <ClCompile Include="..\..\..\addons\ofxPDSP\src\DSP\filters\biquads\BiquadHighShelf.cpp" />
    <ClCompile Include="..\..\..\addons\ofxPDSP\src\DSP\filters\biquads\BiquadHPF2.cpp" />
    <ClCompile Include="..\..\..\addons\ofxPDSP\src\DSP\filters\biquads\BiquadLowShelf.cpp" />
    <ClCompile Include="..\..\..\addons\ofxPDSP\src\DSP\filters\biquads\BiquadLPF2.cpp" />
    <ClCompile Include="..\..\..\addons\ofxPDSP\src\DSP\filters\biquads\BiquadPeakEQ.cpp" />
    <ClCompile Include="..\..\..\addons\ofxPDSP\src\DSP\filters\MultiLadder4.cpp" />
    <ClCompile Include="..\..\..\addons\ofxPDSP\src\DSP\filters\OnePole.cpp" />
    <ClCompile Include="..\..\..\addons\ofxPDSP\src\DSP\filters\SVF2.cpp" />
    <ClCompile Include="..\..\..\addons\ofxPDSP\src\DSP\helpers\FFTWorker.cpp" />
    <ClCompile Include="..\..\..\addons\ofxPDSP\src\DSP\helpers\UsesSlew.cpp" />
    <ClCompile Include="..\..\..\addons\ofxPDSP\src\DSP\oscillators\antialiased\BLEPSaw.cpp" />
    <ClCompile Include="..\..\..\addons\ofxPDSP\src\DSP\oscillators\antialiased\BLEP\BLEPBased.cpp" />
    <ClCompile Include="..\..\..\addons\ofxPDSP\src\DSP\oscillators\antialiased\BLEP\BLEPTable.cpp" />
    <ClCompile Include="..\..\..\addons\ofxPDSP\src\DSP\oscillators\antialiased\DPWTri.cpp" />
    <ClCompile Include="..\..\..\addons\ofxPDSP\src\DSP\oscillators\base\Oscillator.cpp" />
    <ClCompile Include="..\..\..\addons\ofxPDSP\src\DSP\oscillators\base\OscillatorVariShape.cpp" />
    <ClCompile Include="..\..\..\addons\ofxPDSP\src\DSP\oscillators\cheap\CheapPulse.cpp" />
    <ClCompile Include="..\..\..\addons\ofxPDSP\src\DSP\oscillators\cheap\CheapSaw.cpp" />
    <ClCompile Include="..\..\..\addons\ofxPDSP\src\DSP\oscillators\cheap\CheapSine.cpp" />
    <ClCompile Include="..\..\..\addons\ofxPDSP\src\DSP\oscillators\cheap\CheapTri.cpp" />
    <ClCompile Include="..\..\..\addons\ofxPDSP\src\DSP\oscillators\fm\SineFB.cpp" />
    <ClCompile Include="..\..\..\addons\ofxPDSP\src\DSP\oscillators\phasors\ClockedPhasor.cpp" />
    <ClCompile Include="..\..\..\addons\ofxPDSP\src\DSP\oscillators\phasors\LFOPhasor.cpp" />
    <ClCompile Include="..\..\..\addons\ofxPDSP\src\DSP\oscillators\phasors\PhasorShifter.cpp" />
    <ClCompile Include="..\..\..\addons\ofxPDSP\src\DSP\oscillators\phasors\PMPhasor.cpp" />
    <ClCompile Include="..\..\..\addons\ofxPDSP\src\DSP\oscillators\wavetable\DataOsc.cpp" />
    <ClCompile Include="..\..\..\addons\ofxPDSP\src\DSP\oscillators\wavetable\DataTable.cpp" />
    <ClCompile Include="..\..\..\addons\ofxPDSP\src\DSP\oscillators\wavetable\WaveTable.cpp" />
    <ClCompile Include="..\..\..\addons\ofxPDSP\src\DSP\oscillators\wavetable\WaveTableOsc.cpp" />
    <ClCompile Include="..\..\..\addons\ofxPDSP\src\DSP\random\TriggeredRandom.cpp" />
    <ClCompile Include="..\..\..\addons\ofxPDSP\src\DSP\random\WhiteNoise.cpp" />
    <ClCompile Include="..\..\..\addons\ofxPDSP\src\DSP\resamplers\BandLimit.cpp" />
    <ClCompile Include="..\..\..\addons\ofxPDSP\src\DSP\resamplers\DownSampler.cpp" />
    <ClCompile Include="..\..\..\addons\ofxPDSP\src\DSP\resamplers\IIRDownSampler2x.cpp" />
    <ClCompile Include="..\..\..\addons\ofxPDSP\src\DSP\resamplers\IIRUpSampler2x.cpp" />
    <ClCompile Include="..\..\..\addons\ofxPDSP\src\DSP\resamplers\UpSampler.cpp" />
    <ClCompile Include="..\..\..\addons\ofxPDSP\src\DSP\resamplers\ZeroDownSampler.cpp" />
    <ClCompile Include="..\..\..\addons\ofxPDSP\src\DSP\resamplers\ZeroUpSampler.cpp" />
    <ClCompile Include="..\..\..\addons\ofxPDSP\src\DSP\samplers\GrainWindow.cpp" />
    <ClCompile Include="..\..\..\addons\ofxPDSP\src\DSP\samplers\grain\GrainBased.cpp" />
    <ClCompile Include="..\..\..\addons\ofxPDSP\src\DSP\samplers\grain\GrainTable.cpp" />
    <ClCompile Include="..\..\..\addons\ofxPDSP\src\DSP\samplers\SampleBuffer.cpp" />
    <ClCompile Include="..\..\..\addons\ofxPDSP\src\DSP\samplers\Sampler.cpp" />
    <ClCompile Include="..\..\..\addons\ofxPDSP\src\DSP\signal\Bitcruncher.cpp" />
    <ClCompile Include="..\..\..\addons\ofxPDSP\src\DSP\signal\Decimator.cpp" />
    <ClCompile Include="..\..\..\addons\ofxPDSP\src\DSP\signal\SampleAndHold.cpp" />
    <ClCompile Include="..\..\..\addons\ofxPDSP\src\DSP\signal\Saturator1.cpp" />
    <ClCompile Include="..\..\..\addons\ofxPDSP\src\DSP\signal\Saturator2.cpp" />
    <ClCompile Include="..\..\..\addons\ofxPDSP\src\DSP\signal\SoftClip.cpp" />
    <ClCompile Include="..\..\..\addons\ofxPDSP\src\DSP\utility\BipolarToUnipolar.cpp" />
    <ClCompile Include="..\..\..\addons\ofxPDSP\src\DSP\utility\DBtoLin.cpp" />
    <ClCompile Include="..\..\..\addons\ofxPDSP\src\DSP\utility\FreqToMs.cpp" />
    <ClCompile Include="..\..\..\addons\ofxPDSP\src\DSP\utility\LinToDB.cpp" />
    <ClCompile Include="..\..\..\addons\ofxPDSP\src\DSP\utility\MaxValue.cpp" />
    <ClCompile Include="..\..\..\addons\ofxPDSP\src\DSP\utility\OneBarTimeMs.cpp" />
    <ClCompile Include="..\..\..\addons\ofxPDSP\src\DSP\utility\OneMinusInput.cpp" />
    <ClCompile Include="..\..\..\addons\ofxPDSP\src\DSP\utility\PitchToFreq.cpp" />
    <ClCompile Include="..\..\..\addons\ofxPDSP\src\DSP\utility\SamplesDelay.cpp" />
    <ClCompile Include="..\..\..\addons\ofxPDSP\src\math\dsphelpers\incrementCalculator.cpp" />
    <ClCompile Include="..\..\..\addons\ofxPDSP\src\math\dsphelpers\sanity_check.cpp" />
    <ClCompile Include="..\..\..\addons\ofxPDSP\src\math\random\random.cpp" />
    <ClCompile Include="..\..\..\addons\ofxPDSP\src\math\simd\core\activate.cpp" />
    <ClCompile Include="..\..\..\addons\ofxPDSP\src\math\simd\core\allocator.cpp" />
    <ClCompile Include="..\..\..\addons\ofxPDSP\src\math\tables\blep.cpp" />
    <ClCompile Include="..\..\..\addons\ofxPDSP\src\math\tables\dsp_windows.cpp" />
    <ClCompile Include="..\..\..\addons\ofxPDSP\src\messages\Clockable.cpp" />
    <ClCompile Include="..\..\..\addons\ofxPDSP\src\messages\MessageBuffer.cpp" />
    <ClCompile Include="..\..\..\addons\ofxPDSP\src\modules\dynamics\Compressor.cpp" />
    <ClCompile Include="..\..\..\addons\ofxPDSP\src\modules\dynamics\Ducker.cpp" />
    <ClCompile Include="..\..\..\addons\ofxPDSP\src\modules\effects\DimensionChorus.cpp" />
    <ClCompile Include="..\..\..\addons\ofxPDSP\src\modules\equalizers\AAHighShelfEQ.cpp" />
    <ClCompile Include="..\..\..\addons\ofxPDSP\src\modules\equalizers\AALowShelfEQ.cpp" />
    <ClCompile Include="..\..\..\addons\ofxPDSP\src\modules\equalizers\AAPeakEQ.cpp" />
    <ClCompile Include="..\..\..\addons\ofxPDSP\src\modules\equalizers\HighCut.cpp" />
    <ClCompile Include="..\..\..\addons\ofxPDSP\src\modules\equalizers\HighShelfEQ.cpp" />
    <ClCompile Include="..\..\..\addons\ofxPDSP\src\modules\equalizers\LowCut.cpp" />
    <ClCompile Include="..\..\..\addons\ofxPDSP\src\modules\equalizers\LowShelfEQ.cpp" />
    <ClCompile Include="..\..\..\addons\ofxPDSP\src\modules\equalizers\PeakEQ.cpp" />
    <ClCompile Include="..\..\..\addons\ofxPDSP\src\modules\filters\CombFilter.cpp" />
    <ClCompile Include="..\..\..\addons\ofxPDSP\src\modules\filters\PhaserFilter.cpp" />
    <ClCompile Include="..\..\..\addons\ofxPDSP\src\modules\filters\SVFilter.cpp" />
    <ClCompile Include="..\..\..\addons\ofxPDSP\src\modules\filters\VAFilter.cpp" />
    <ClCompile Include="..\..\..\addons\ofxPDSP\src\modules\oscillators\ADSR_OSC.cpp" />
    <ClCompile Include="..\..\..\addons\ofxPDSP\src\modules\oscillators\ClockedLFO.cpp" />
    <ClCompile Include="..\..\..\addons\ofxPDSP\src\modules\oscillators\DataOscillator.cpp" />
    <ClCompile Include="..\..\..\addons\ofxPDSP\src\modules\oscillators\FMOperator.cpp" />
    <ClCompile Include="..\..\..\addons\ofxPDSP\src\modules\oscillators\LFO.cpp" />
    <ClCompile Include="..\..\..\addons\ofxPDSP\src\modules\oscillators\TableOscillator.cpp" />
    <ClCompile Include="..\..\..\addons\ofxPDSP\src\modules\oscillators\VAOscillator.cpp" />
    <ClCompile Include="..\..\..\addons\ofxPDSP\src\modules\reverbs\BasiVerb.cpp" />
    <ClCompile Include="..\..\..\addons\ofxPDSP\src\modules\reverbs\IRVerb.cpp" />
    <ClCompile Include="..\..\..\addons\ofxPDSP\src\modules\samplers\GrainCloud.cpp" />
    <ClCompile Include="..\..\..\addons\ofxPDSP\src\modules\samplers\TriggeredGrain.cpp" />
    <ClCompile Include="..\..\..\addons\ofxPDSP\src\modules\signal\LinearCrossfader.cpp" />
    <ClCompile Include="..\..\..\addons\ofxPDSP\src\modules\signal\Panner.cpp" />
    <ClCompile Include="..\..\..\addons\ofxPDSP\src\modules\sources\BitNoise.cpp" />
    <ClCompile Include="..\..\..\addons\ofxPDSP\src\ofx\ComputerKeyboard.cpp" />
    <ClCompile Include="..\..\..\addons\ofxPDSP\src\ofx\Engine.cpp" />
    <ClCompile Include="..\..\..\addons\ofxPDSP\src\ofx\helper\EngineGraphics.cpp" />
    <ClCompile Include="..\..\..\addons\ofxPDSP\src\ofx\helper\MidiCCBuffers.cpp" />
    <ClCompile Include="..\..\..\addons\ofxPDSP\src\ofx\helper\MidiKeysBuffers.cpp" />
    <ClCompile Include="..\..\..\addons\ofxPDSP\src\ofx\helper\SequencerSectionPlotter.cpp" />
    <ClCompile Include="..\..\..\addons\ofxPDSP\src\ofx\MidiControls.cpp" />
    <ClCompile Include="..\..\..\addons\ofxPDSP\src\ofx\MidiIn.cpp" />
    <ClCompile Include="..\..\..\addons\ofxPDSP\src\ofx\MidiKeys.cpp" />
    <ClCompile Include="..\..\..\addons\ofxPDSP\src\ofx\MidiOut.cpp" />
    <ClCompile Include="..\..\..\addons\ofxPDSP\src\ofx\MidiPads.cpp" />
    <ClCompile Include="..\..\..\addons\ofxPDSP\src\ofx\ofxPDSPFunctions.cpp" />
    <ClCompile Include="..\..\..\addons\ofxPDSP\src\ofx\OscInput.cpp" />
    <ClCompile Include="..\..\..\addons\ofxPDSP\src\ofx\OscOutput.cpp" />
    <ClCompile Include="..\..\..\addons\ofxPDSP\src\ofx\Parameter.cpp" />
    <ClCompile Include="..\..\..\addons\ofxPDSP\src\ofx\ParameterAmp.cpp" />
    <ClCompile Include="..\..\..\addons\ofxPDSP\src\ofx\ParameterGain.cpp" />
    <ClCompile Include="..\..\..\addons\ofxPDSP\src\ofx\SampleBufferPlotter.cpp" />
    <ClCompile Include="..\..\..\addons\ofxPDSP\src\ofx\Scope.cpp" />
    <ClCompile Include="..\..\..\addons\ofxPDSP\src\ofx\SerialOut.cpp" />
    <ClCompile Include="..\..\..\addons\ofxPDSP\src\ofx\Wrapper.cpp" />
    <ClCompile Include="..\..\..\addons\ofxPDSP\src\sequencer\Sequence.cpp" />
    <ClCompile Include="..\..\..\addons\ofxPDSP\src\sequencer\SequencerMessage.cpp" />
    <ClCompile Include="..\..\..\addons\ofxPDSP\src\sequencer\SequencerProcessor.cpp" />
    <ClCompile Include="..\..\..\addons\ofxPDSP\src\sequencer\SequencerSection.cpp" />
    <ClCompile Include="..\..\..\addons\ofxPDSP\src\sequencer\stockBehaviors.cpp" />
    <ClCompile Include="..\..\..\addons\ofxXmlSettings\libs\tinyxml.cpp" />
    <ClCompile Include="..\..\..\addons\ofxXmlSettings\libs\tinyxmlerror.cpp" />
    <ClCompile Include="..\..\..\addons\ofxXmlSettings\libs\tinyxmlparser.cpp" />
    <ClCompile Include="..\..\..\addons\ofxXmlSettings\src\ofxXmlSettings.cpp" />
    <ClCompile Include="..\src\patch\PatchFilesStore.cpp">
      <Filter>addons\ofxPDSPTools\patch</Filter>
    </ClCompile>
    <ClCompile Include="..\src\patch\PatchParams.cpp">
      <Filter>addons\ofxPDSPTools\patch</Filter>
    </ClCompile>
    <ClCompile Include="..\src\synth\oscWaveSelectDetune.cpp">
      <Filter>addons\ofxPDSPTools\synth</Filter>
    </ClCompile>
    <ClCompile Include="..\src\synth\SubstractiveSynth.cpp">
      <Filter>addons\ofxPDSPTools\synth</Filter>
    </ClCompile>
    <ClCompile Include="..\src\synth\SubstractiveSynthParams.cpp">
      <Filter>addons\ofxPDSPTools\synth</Filter>
    </ClCompile>
    <ClCompile Include="..\src\synth\SubstractiveVoice.cpp">
      <Filter>addons\ofxPDSPTools\synth</Filter>
    </ClCompile>
    <ClCompile Include="..\src\synth\SynthA.cpp">
      <Filter>addons\ofxPDSPTools\synth</Filter>
    </ClCompile>
    <ClCompile Include="..\src\synth\SynthBase.cpp">
      <Filter>addons\ofxPDSPTools\synth</Filter>
    </ClCompile>
    <ClCompile Include="..\src\synth\VEOscADSRFilter.cpp">
      <Filter>addons\ofxPDSPTools\synth</Filter>
    </ClCompile>
    <ClCompile Include="..\src\synth\VEOscLFO.cpp">
      <Filter>addons\ofxPDSPTools\synth</Filter>
    </ClCompile>
    <ClCompile Include="..\src\synth\VESingleOSC.cpp">
      <Filter>addons\ofxPDSPTools\synth</Filter>
    </ClCompile>
    <ClCompile Include="..\src\synth\VoiceBase.cpp">
      <Filter>addons\ofxPDSPTools\synth</Filter>
    </ClCompile>
    <ClCompile Include="..\src\synth\VoiceElement.cpp">
      <Filter>addons\ofxPDSPTools\synth</Filter>
    </ClCompile>
    <ClCompile Include="..\src\synth\voiceFullFeatures.cpp">
      <Filter>addons\ofxPDSPTools\synth</Filter>
    </ClCompile>
    <ClCompile Include="..\src\ui\ofxImGuiLoadSavePatchs.cpp">
      <Filter>addons\ofxPDSPTools\ui</Filter>
    </ClCompile>
    <ClCompile Include="..\src\ui\ofxImGuiMIDIDevicesSelector.cpp">
      <Filter>addons\ofxPDSPTools\ui</Filter>
    </ClCompile>
    <ClCompile Include="..\src\ui\ofxImGuiPatchParamsUI.cpp">
      <Filter>addons\ofxPDSPTools\ui</Filter>
    </ClCompile>
    <ClCompile Include="..\src\ui\PatchParamsLayout.cpp">
      <Filter>addons\ofxPDSPTools\ui</Filter>
    </ClCompile>
    <ClCompile Include="..\src\ui\PatchParamsOfxImGui.cpp">
      <Filter>addons\ofxPDSPTools\ui</Filter>
    </ClCompile>
  </ItemGroup>
  <ItemGroup>
    <Filter Include="src">
      <UniqueIdentifier>{d8376475-7454-4a24-b08a-aac121d3ad6f}</UniqueIdentifier>
    </Filter>
    <Filter Include="addons">
      <UniqueIdentifier>{cc887145-b4d8-42c0-8361-8e586be4dab4}</UniqueIdentifier>
    </Filter>
    <Filter Include="addons\ofxOsc">
      <UniqueIdentifier>{4e1d5f51-4c42-48eb-9530-56a96af803a3}</UniqueIdentifier>
    </Filter>
    <Filter Include="addons\ofxOsc\src">
      <UniqueIdentifier>{067cdebf-0089-491d-ba69-b6c9534b1c2f}</UniqueIdentifier>
    </Filter>
    <Filter Include="addons\ofxOsc\libs">
      <UniqueIdentifier>{d75b7dca-4f77-4e62-833d-22f443172473}</UniqueIdentifier>
    </Filter>
    <Filter Include="addons\ofxOsc\libs\oscpack">
      <UniqueIdentifier>{03407662-62dd-4381-b76c-fc93635f77ed}</UniqueIdentifier>
    </Filter>
    <Filter Include="addons\ofxOsc\libs\oscpack\src">
      <UniqueIdentifier>{68e4e3e1-592c-4c72-9437-47a3c234bf39}</UniqueIdentifier>
    </Filter>
    <Filter Include="addons\ofxOsc\libs\oscpack\src\ip">
      <UniqueIdentifier>{2988dd8c-24ef-4000-bc9c-b83dae244100}</UniqueIdentifier>
    </Filter>
    <Filter Include="addons\ofxOsc\libs\oscpack\src\ip\win32">
      <UniqueIdentifier>{db92046c-a2cb-47d0-aa6c-94d767967690}</UniqueIdentifier>
    </Filter>
    <Filter Include="addons\ofxOsc\libs\oscpack\src\osc">
      <UniqueIdentifier>{0df43754-da7c-4350-9f31-48704581c36d}</UniqueIdentifier>
    </Filter>
    <Filter Include="addons\ofxXmlSettings">
      <UniqueIdentifier>{69f4b12e-9578-4ff6-ab24-e9f06a49d3dd}</UniqueIdentifier>
    </Filter>
    <Filter Include="addons\ofxXmlSettings\src">
      <UniqueIdentifier>{813b2313-ffc7-4a84-8449-dc8a3aaf086f}</UniqueIdentifier>
    </Filter>
    <Filter Include="addons\ofxXmlSettings\libs">
      <UniqueIdentifier>{c34b169e-4d53-4d0c-8f78-7978a510936a}</UniqueIdentifier>
    </Filter>
    <Filter Include="addons\ofxAudioFile">
      <UniqueIdentifier>{1d30a4cc-ca50-48ae-9d9d-114ffd39d794}</UniqueIdentifier>
    </Filter>
    <Filter Include="addons\ofxAudioFile\src">
      <UniqueIdentifier>{424c9a9f-c09a-429a-8ca2-a547fdeb5d59}</UniqueIdentifier>
    </Filter>
    <Filter Include="addons\ofxAudioFile\libs">
      <UniqueIdentifier>{c4630982-24d2-4e58-b7c2-933da9805cca}</UniqueIdentifier>
    </Filter>
    <Filter Include="addons\ofxImGui">
      <UniqueIdentifier>{d5fc43ec-ac34-4286-9caf-73432c051834}</UniqueIdentifier>
    </Filter>
    <Filter Include="addons\ofxImGui\src">
      <UniqueIdentifier>{14f84863-3913-4b06-954b-712c0b230baf}</UniqueIdentifier>
    </Filter>
    <Filter Include="addons\ofxImGui\libs">
      <UniqueIdentifier>{c4d639ba-8ec3-48d0-b9de-5455bd96ca87}</UniqueIdentifier>
    </Filter>
    <Filter Include="addons\ofxImGui\libs\imgui">
      <UniqueIdentifier>{646a4c7e-95a6-491f-9da0-fad371436ca8}</UniqueIdentifier>
    </Filter>
    <Filter Include="addons\ofxImGui\libs\imgui\src">
      <UniqueIdentifier>{334270aa-01f4-49b6-b391-f142b906d4c8}</UniqueIdentifier>
    </Filter>
    <Filter Include="addons\ofxMidi">
      <UniqueIdentifier>{e80843d1-45df-48f8-832e-911e20f44d27}</UniqueIdentifier>
    </Filter>
    <Filter Include="addons\ofxMidi\src">
      <UniqueIdentifier>{4c84358b-ced2-4b48-93c5-612d357e4a59}</UniqueIdentifier>
    </Filter>
    <Filter Include="addons\ofxMidi\src\desktop">
      <UniqueIdentifier>{b78b2f84-0028-4c0f-993d-1e8a41824c01}</UniqueIdentifier>
    </Filter>
    <Filter Include="addons\ofxMidi\src\ios">
      <UniqueIdentifier>{f9571771-28ec-48a8-a6ba-e1beb983a254}</UniqueIdentifier>
    </Filter>
    <Filter Include="addons\ofxMidi\libs">
      <UniqueIdentifier>{be31cd3d-8ac7-4b58-83ed-065f78be9dcc}</UniqueIdentifier>
    </Filter>
    <Filter Include="addons\ofxMidi\libs\pgmidi">
      <UniqueIdentifier>{b079640e-8550-4f99-94e1-5c4d7dceec24}</UniqueIdentifier>
    </Filter>
    <Filter Include="addons\ofxMidi\libs\rtmidi">
      <UniqueIdentifier>{405641f7-a7a9-42cb-b045-58854c4d5a72}</UniqueIdentifier>
    </Filter>
    <Filter Include="addons\ofxPDSP">
      <UniqueIdentifier>{fef019d3-8aac-4aef-950d-c23708242133}</UniqueIdentifier>
    </Filter>
    <Filter Include="addons\ofxPDSP\src">
      <UniqueIdentifier>{b11761d3-fbc6-455b-a250-c9268df25e25}</UniqueIdentifier>
    </Filter>
    <Filter Include="addons\ofxPDSP\src\DSP">
      <UniqueIdentifier>{bd6dd3c0-c6a5-4b20-9d28-7043e2fa01a3}</UniqueIdentifier>
    </Filter>
    <Filter Include="addons\ofxPDSP\src\DSP\control">
      <UniqueIdentifier>{152456a8-2827-41cb-aa0e-260c40ec0ad8}</UniqueIdentifier>
    </Filter>
    <Filter Include="addons\ofxPDSP\src\DSP\convolution">
      <UniqueIdentifier>{62ed7f60-0eb9-460a-a064-49747080ca92}</UniqueIdentifier>
    </Filter>
    <Filter Include="addons\ofxPDSP\src\DSP\core">
      <UniqueIdentifier>{3297987e-6990-4842-91fc-a0b4d901ff3e}</UniqueIdentifier>
    </Filter>
    <Filter Include="addons\ofxPDSP\src\DSP\delays">
      <UniqueIdentifier>{929f8e2c-f9a6-4bf1-aa97-bf589b7634dc}</UniqueIdentifier>
    </Filter>
    <Filter Include="addons\ofxPDSP\src\DSP\dynamics">
      <UniqueIdentifier>{c5fb51f6-408c-41e4-9b54-c5f37c05bca1}</UniqueIdentifier>
    </Filter>
    <Filter Include="addons\ofxPDSP\src\DSP\envelopes">
      <UniqueIdentifier>{73c88525-c02d-4140-9752-27ec93b59497}</UniqueIdentifier>
    </Filter>
    <Filter Include="addons\ofxPDSP\src\DSP\envelopes\stages">
      <UniqueIdentifier>{38cdec46-5312-43a2-806a-b5a10e19317f}</UniqueIdentifier>
    </Filter>
    <Filter Include="addons\ofxPDSP\src\DSP\filters">
      <UniqueIdentifier>{e1e0d1d8-f047-40d3-853f-f6c0cc1ce6d4}</UniqueIdentifier>
    </Filter>
    <Filter Include="addons\ofxPDSP\src\DSP\filters\biquads">
      <UniqueIdentifier>{4f3e30c1-ea22-4eba-bb2e-a69a95d9b9a8}</UniqueIdentifier>
    </Filter>
    <Filter Include="addons\ofxPDSP\src\DSP\helpers">
      <UniqueIdentifier>{f7d5c389-95c8-43cf-aa9a-e1d37cd1da6e}</UniqueIdentifier>
    </Filter>
    <Filter Include="addons\ofxPDSP\src\DSP\oscillators">
      <UniqueIdentifier>{fc12547a-0b82-46d8-8d22-de5a0582d8f3}</UniqueIdentifier>
    </Filter>
    <Filter Include="addons\ofxPDSP\src\DSP\oscillators\antialiased">
      <UniqueIdentifier>{67363046-5f4c-45e1-bd8f-cd67fea31b46}</UniqueIdentifier>
    </Filter>
    <Filter Include="addons\ofxPDSP\src\DSP\oscillators\antialiased\BLEP">
      <UniqueIdentifier>{f588c2a7-1aa3-47cb-a7e8-2e098c7432f0}</UniqueIdentifier>
    </Filter>
    <Filter Include="addons\ofxPDSP\src\DSP\oscillators\base">
      <UniqueIdentifier>{4361f59d-4a43-4385-a736-3b9b6e68d841}</UniqueIdentifier>
    </Filter>
    <Filter Include="addons\ofxPDSP\src\DSP\oscillators\cheap">
      <UniqueIdentifier>{25052852-20f2-483b-8a18-51609a930025}</UniqueIdentifier>
    </Filter>
    <Filter Include="addons\ofxPDSP\src\DSP\oscillators\fm">
      <UniqueIdentifier>{648c1723-8e3e-4172-ab6e-3b4637c5d88b}</UniqueIdentifier>
    </Filter>
    <Filter Include="addons\ofxPDSP\src\DSP\oscillators\phasors">
      <UniqueIdentifier>{1796fa4d-2717-453f-840a-748619051cc1}</UniqueIdentifier>
    </Filter>
    <Filter Include="addons\ofxPDSP\src\DSP\oscillators\wavetable">
      <UniqueIdentifier>{74ac39d7-3c7e-4a6e-9573-31e880d30809}</UniqueIdentifier>
    </Filter>
    <Filter Include="addons\ofxPDSP\src\DSP\random">
      <UniqueIdentifier>{344ccd60-f5e1-48e2-9e7a-a6343f92b97e}</UniqueIdentifier>
    </Filter>
    <Filter Include="addons\ofxPDSP\src\DSP\resamplers">
      <UniqueIdentifier>{4c73a3c2-c20e-4865-85ec-42477ced048f}</UniqueIdentifier>
    </Filter>
    <Filter Include="addons\ofxPDSP\src\DSP\samplers">
      <UniqueIdentifier>{8a7ac67d-ddd8-4748-b34a-cb06c1b2f63f}</UniqueIdentifier>
    </Filter>
    <Filter Include="addons\ofxPDSP\src\DSP\samplers\grain">
      <UniqueIdentifier>{3a59132c-d7ec-4b83-aeee-27ca2bd58726}</UniqueIdentifier>
    </Filter>
    <Filter Include="addons\ofxPDSP\src\DSP\signal">
      <UniqueIdentifier>{deba699e-be30-4c9a-ae97-fd1675e5a2f9}</UniqueIdentifier>
    </Filter>
    <Filter Include="addons\ofxPDSP\src\DSP\utility">
      <UniqueIdentifier>{091d5f06-9d48-40e0-9e98-c8bb8d8c5cd3}</UniqueIdentifier>
    </Filter>
    <Filter Include="addons\ofxPDSP\src\math">
      <UniqueIdentifier>{ef61f935-7253-44ca-bf04-50be356084a4}</UniqueIdentifier>
    </Filter>
    <Filter Include="addons\ofxPDSP\src\math\dsphelpers">
      <UniqueIdentifier>{d08a6c80-b919-4cd6-8a90-76675e01a427}</UniqueIdentifier>
    </Filter>
    <Filter Include="addons\ofxPDSP\src\math\fft">
      <UniqueIdentifier>{2f19504f-17cb-4652-bde8-18d114ed1435}</UniqueIdentifier>
    </Filter>
    <Filter Include="addons\ofxPDSP\src\math\interpolation">
      <UniqueIdentifier>{250f8b42-dafe-4a99-8f8f-ac0b56a01404}</UniqueIdentifier>
    </Filter>
    <Filter Include="addons\ofxPDSP\src\math\random">
      <UniqueIdentifier>{7eef8580-bd23-404f-8f4d-fc10d1dfbcfa}</UniqueIdentifier>
    </Filter>
    <Filter Include="addons\ofxPDSP\src\math\simd">
      <UniqueIdentifier>{16cef0a8-1fd5-4385-a2b9-7db20af4ef14}</UniqueIdentifier>
    </Filter>
    <Filter Include="addons\ofxPDSP\src\math\simd\core">
      <UniqueIdentifier>{be4a49b1-f5f5-499e-a4ae-a64a6b18b4b5}</UniqueIdentifier>
    </Filter>
    <Filter Include="addons\ofxPDSP\src\math\simd\functions">
      <UniqueIdentifier>{55dd7b3f-49a2-4bd6-92e7-32d2be482e28}</UniqueIdentifier>
    </Filter>
    <Filter Include="addons\ofxPDSP\src\math\simd\functions\mathfun">
      <UniqueIdentifier>{706276be-8585-434e-8726-954564e67e95}</UniqueIdentifier>
    </Filter>
    <Filter Include="addons\ofxPDSP\src\math\simd\kernels">
      <UniqueIdentifier>{8f302ae1-814f-449c-9535-cc4b908da666}</UniqueIdentifier>
    </Filter>
    <Filter Include="addons\ofxPDSP\src\math\simd\vectors">
      <UniqueIdentifier>{2bbd2ec5-48dd-4825-a6fc-74c664675acb}</UniqueIdentifier>
    </Filter>
    <Filter Include="addons\ofxPDSP\src\math\tables">
      <UniqueIdentifier>{9237b752-455e-4dd9-a19b-9dc0400831d7}</UniqueIdentifier>
    </Filter>
    <Filter Include="addons\ofxPDSP\src\math\trig">
      <UniqueIdentifier>{dafb9f79-6f59-41fb-92f7-f187492b8288}</UniqueIdentifier>
    </Filter>
    <Filter Include="addons\ofxPDSP\src\messages">
      <UniqueIdentifier>{4c972ec4-172c-4ff9-bcda-949ac5535c67}</UniqueIdentifier>
    </Filter>
    <Filter Include="addons\ofxPDSP\src\modules">
      <UniqueIdentifier>{181767ec-5905-4c3b-ad93-8a411f802cf8}</UniqueIdentifier>
    </Filter>
    <Filter Include="addons\ofxPDSP\src\modules\dynamics">
      <UniqueIdentifier>{2e17d3e3-daab-4c24-91e6-01548e9f5458}</UniqueIdentifier>
    </Filter>
    <Filter Include="addons\ofxPDSP\src\modules\effects">
      <UniqueIdentifier>{41d10c26-4b3b-41c9-9c7c-1ea01b5978e5}</UniqueIdentifier>
    </Filter>
    <Filter Include="addons\ofxPDSP\src\modules\equalizers">
      <UniqueIdentifier>{82f2d4c1-72a7-4070-92cf-ecddcf777fa9}</UniqueIdentifier>
    </Filter>
    <Filter Include="addons\ofxPDSP\src\modules\filters">
      <UniqueIdentifier>{74658c4a-2546-4493-80e2-9acee4d28a5b}</UniqueIdentifier>
    </Filter>
    <Filter Include="addons\ofxPDSP\src\modules\oscillators">
      <UniqueIdentifier>{64b831b4-0a62-40bb-8f65-a0accb570c01}</UniqueIdentifier>
    </Filter>
    <Filter Include="addons\ofxPDSP\src\modules\reverbs">
      <UniqueIdentifier>{41ecce7c-d4d0-4360-a43c-d56315a7bf4d}</UniqueIdentifier>
    </Filter>
    <Filter Include="addons\ofxPDSP\src\modules\samplers">
      <UniqueIdentifier>{f5d6a18b-d775-45bf-a7df-8055d92d0bf3}</UniqueIdentifier>
    </Filter>
    <Filter Include="addons\ofxPDSP\src\modules\signal">
      <UniqueIdentifier>{c43a34d1-0756-4a51-a9a8-7ae4c291c544}</UniqueIdentifier>
    </Filter>
    <Filter Include="addons\ofxPDSP\src\modules\sources">
      <UniqueIdentifier>{84f92168-b48a-4b3a-aa28-78cb3fcb73fc}</UniqueIdentifier>
    </Filter>
    <Filter Include="addons\ofxPDSP\src\ofx">
      <UniqueIdentifier>{50597f50-7006-46d7-8041-37f6cae65f68}</UniqueIdentifier>
    </Filter>
    <Filter Include="addons\ofxPDSP\src\ofx\helper">
      <UniqueIdentifier>{6fa8fd12-3c85-41d1-8a9b-bff743b9f1a7}</UniqueIdentifier>
    </Filter>
    <Filter Include="addons\ofxPDSP\src\sequencer">
      <UniqueIdentifier>{37a432f5-e90a-43ed-9a1e-6058b72f4cae}</UniqueIdentifier>
    </Filter>
    <Filter Include="addons\ofxPDSP\libs">
      <UniqueIdentifier>{45ea166b-038c-4a7b-9bc9-4bb1e16d927d}</UniqueIdentifier>
    </Filter>
    <Filter Include="addons\ofxPDSP\libs\audiofft">
      <UniqueIdentifier>{beaa0d59-bef1-4e8a-a765-8e802a321b96}</UniqueIdentifier>
    </Filter>
    <Filter Include="addons\ofxPDSPTools">
      <UniqueIdentifier>{0499ab59-ef04-4a72-9b55-dbca7a530ef1}</UniqueIdentifier>
    </Filter>
    <Filter Include="addons\ofxPDSPTools\ui">
      <UniqueIdentifier>{6761375d-06b9-42ce-be3d-abb417d868b5}</UniqueIdentifier>
    </Filter>
    <Filter Include="addons\ofxPDSPTools\patch">
      <UniqueIdentifier>{0ef7919b-5aad-4aea-a65e-d09ec1cd804f}</UniqueIdentifier>
    </Filter>
    <Filter Include="addons\ofxPDSPTools\synth">
      <UniqueIdentifier>{4f24f207-fd0e-4daa-b410-6f6325148604}</UniqueIdentifier>
    </Filter>
  </ItemGroup>
  <ItemGroup>
    <ClInclude Include="src\ofApp.h">
      <Filter>src</Filter>
    </ClInclude>
    <ClInclude Include="..\..\..\addons\ofxAudioFile\libs\dr_flac.h" />
    <ClInclude Include="..\..\..\addons\ofxAudioFile\libs\dr_mp3.h" />
    <ClInclude Include="..\..\..\addons\ofxAudioFile\libs\dr_wav.h" />
    <ClInclude Include="..\..\..\addons\ofxAudioFile\libs\stb_vorbis.h" />
    <ClInclude Include="..\..\..\addons\ofxAudioFile\src\ofxAudioFile.h" />
    <ClInclude Include="..\..\..\addons\ofxImGui\libs\imgui\src\imgui.h" />
    <ClInclude Include="..\..\..\addons\ofxImGui\libs\imgui\src\imgui_internal.h" />
    <ClInclude Include="..\..\..\addons\ofxImGui\libs\imgui\src\imstb_rectpack.h" />
    <ClInclude Include="..\..\..\addons\ofxImGui\libs\imgui\src\imstb_textedit.h" />
    <ClInclude Include="..\..\..\addons\ofxImGui\libs\imgui\src\imstb_truetype.h" />
    <ClInclude Include="..\..\..\addons\ofxImGui\src\BaseEngine.h" />
    <ClInclude Include="..\..\..\addons\ofxImGui\src\BaseTheme.h" />
    <ClInclude Include="..\..\..\addons\ofxImGui\src\CorporateGreyTheme.h" />
    <ClInclude Include="..\..\..\addons\ofxImGui\src\DefaultTheme.h" />
    <ClInclude Include="..\..\..\addons\ofxImGui\src\EngineGLFW.h" />
    <ClInclude Include="..\..\..\addons\ofxImGui\src\EngineOpenGLES.h" />
    <ClInclude Include="..\..\..\addons\ofxImGui\src\EngineVk.h" />
    <ClInclude Include="..\..\..\addons\ofxImGui\src\Gui.h" />
    <ClInclude Include="..\..\..\addons\ofxImGui\src\Helpers.h" />
    <ClInclude Include="..\..\..\addons\ofxImGui\src\imconfig.h" />
    <ClInclude Include="..\..\..\addons\ofxImGui\src\ofxImGui.h" />
    <ClInclude Include="..\..\..\addons\ofxImGui\src\ofxImGuiLoggerChannel.h" />
    <ClInclude Include="..\..\..\addons\ofxMidi\libs\pgmidi\iOSVersionDetection.h" />
    <ClInclude Include="..\..\..\addons\ofxMidi\libs\pgmidi\PGArc.h" />
    <ClInclude Include="..\..\..\addons\ofxMidi\libs\pgmidi\PGMidi.h" />
    <ClInclude Include="..\..\..\addons\ofxMidi\libs\pgmidi\PGMidiAllSources.h" />
    <ClInclude Include="..\..\..\addons\ofxMidi\libs\pgmidi\PGMidiFind.h" />
    <ClInclude Include="..\..\..\addons\ofxMidi\libs\rtmidi\RtMidi.h" />
    <ClInclude Include="..\..\..\addons\ofxMidi\src\desktop\ofxRtMidiIn.h" />
    <ClInclude Include="..\..\..\addons\ofxMidi\src\desktop\ofxRtMidiOut.h" />
    <ClInclude Include="..\..\..\addons\ofxMidi\src\ios\ofxPGMidiContext.h" />
    <ClInclude Include="..\..\..\addons\ofxMidi\src\ios\ofxPGMidiDelegate.h" />
    <ClInclude Include="..\..\..\addons\ofxMidi\src\ios\ofxPGMidiIn.h" />
    <ClInclude Include="..\..\..\addons\ofxMidi\src\ios\ofxPGMidiOut.h" />
    <ClInclude Include="..\..\..\addons\ofxMidi\src\ios\ofxPGMidiSourceDelegate.h" />
    <ClInclude Include="..\..\..\addons\ofxMidi\src\ofxBaseMidi.h" />
    <ClInclude Include="..\..\..\addons\ofxMidi\src\ofxMidi.h" />
    <ClInclude Include="..\..\..\addons\ofxMidi\src\ofxMidiClock.h" />
    <ClInclude Include="..\..\..\addons\ofxMidi\src\ofxMidiConstants.h" />
    <ClInclude Include="..\..\..\addons\ofxMidi\src\ofxMidiIn.h" />
    <ClInclude Include="..\..\..\addons\ofxMidi\src\ofxMidiMessage.h" />
    <ClInclude Include="..\..\..\addons\ofxMidi\src\ofxMidiOut.h" />
    <ClInclude Include="..\..\..\addons\ofxMidi\src\ofxMidiTimecode.h" />
    <ClInclude Include="..\..\..\addons\ofxMidi\src\ofxMidiTypes.h" />
    <ClInclude Include="..\..\..\addons\ofxOsc\libs\oscpack\src\ip\IpEndpointName.h" />
    <ClInclude Include="..\..\..\addons\ofxOsc\libs\oscpack\src\ip\NetworkingUtils.h" />
    <ClInclude Include="..\..\..\addons\ofxOsc\libs\oscpack\src\ip\PacketListener.h" />
    <ClInclude Include="..\..\..\addons\ofxOsc\libs\oscpack\src\ip\TimerListener.h" />
    <ClInclude Include="..\..\..\addons\ofxOsc\libs\oscpack\src\ip\UdpSocket.h" />
    <ClInclude Include="..\..\..\addons\ofxOsc\libs\oscpack\src\osc\MessageMappingOscPacketListener.h" />
    <ClInclude Include="..\..\..\addons\ofxOsc\libs\oscpack\src\osc\OscException.h" />
    <ClInclude Include="..\..\..\addons\ofxOsc\libs\oscpack\src\osc\OscHostEndianness.h" />
    <ClInclude Include="..\..\..\addons\ofxOsc\libs\oscpack\src\osc\OscOutboundPacketStream.h" />
    <ClInclude Include="..\..\..\addons\ofxOsc\libs\oscpack\src\osc\OscPacketListener.h" />
    <ClInclude Include="..\..\..\addons\ofxOsc\libs\oscpack\src\osc\OscPrintReceivedElements.h" />
    <ClInclude Include="..\..\..\addons\ofxOsc\libs\oscpack\src\osc\OscReceivedElements.h" />
    <ClInclude Include="..\..\..\addons\ofxOsc\libs\oscpack\src\osc\OscTypes.h" />
    <ClInclude Include="..\..\..\addons\ofxOsc\src\ofxOsc.h" />
    <ClInclude Include="..\..\..\addons\ofxOsc\src\ofxOscArg.h" />
    <ClInclude Include="..\..\..\addons\ofxOsc\src\ofxOscBundle.h" />
    <ClInclude Include="..\..\..\addons\ofxOsc\src\ofxOscMessage.h" />
    <ClInclude Include="..\..\..\addons\ofxOsc\src\ofxOscParameterSync.h" />
    <ClInclude Include="..\..\..\addons\ofxOsc\src\ofxOscReceiver.h" />
    <ClInclude Include="..\..\..\addons\ofxOsc\src\ofxOscSender.h" />
    <ClInclude Include="..\..\..\addons\ofxPDSP\libs\audiofft\AudioFFT.h" />
    <ClInclude Include="..\..\..\addons\ofxPDSP\src\DSP\control\SequencerBridge.h" />
    <ClInclude Include="..\..\..\addons\ofxPDSP\src\DSP\control\SequencerGateOutput.h" />
    <ClInclude Include="..\..\..\addons\ofxPDSP\src\DSP\control\SequencerValueOutput.h" />
    <ClInclude Include="..\..\..\addons\ofxPDSP\src\DSP\control\ToGateTrigger.h" />
    <ClInclude Include="..\..\..\addons\ofxPDSP\src\DSP\control\TriggerControl.h" />
    <ClInclude Include="..\..\..\addons\ofxPDSP\src\DSP\control\TriggerGeiger.h" />
    <ClInclude Include="..\..\..\addons\ofxPDSP\src\DSP\control\ValueControl.h" />
    <ClInclude Include="..\..\..\addons\ofxPDSP\src\DSP\convolution\FDLConvolver.h" />
    <ClInclude Include="..\..\..\addons\ofxPDSP\src\DSP\core\Amp.h" />
    <ClInclude Include="..\..\..\addons\ofxPDSP\src\DSP\core\BasicNodes.h" />
    <ClInclude Include="..\..\..\addons\ofxPDSP\src\DSP\core\BufferShell.h" />
    <ClInclude Include="..\..\..\addons\ofxPDSP\src\DSP\core\ExternalInput.h" />
    <ClInclude Include="..\..\..\addons\ofxPDSP\src\DSP\core\Formula.h" />
    <ClInclude Include="..\..\..\addons\ofxPDSP\src\DSP\core\leftSum.h" />
    <ClInclude Include="..\..\..\addons\ofxPDSP\src\DSP\core\operators.h" />
    <ClInclude Include="..\..\..\addons\ofxPDSP\src\DSP\core\PatchNode.h" />
    <ClInclude Include="..\..\..\addons\ofxPDSP\src\DSP\core\Preparable.h" />
    <ClInclude Include="..\..\..\addons\ofxPDSP\src\DSP\core\Processor.h" />
    <ClInclude Include="..\..\..\addons\ofxPDSP\src\DSP\core\Switch.h" />
    <ClInclude Include="..\..\..\addons\ofxPDSP\src\DSP\delays\AllPassDelay.h" />
    <ClInclude Include="..\..\..\addons\ofxPDSP\src\DSP\delays\Delay.h" />
    <ClInclude Include="..\..\..\addons\ofxPDSP\src\DSP\delays\SRDelay.h" />
    <ClInclude Include="..\..\..\addons\ofxPDSP\src\DSP\dynamics\AbsoluteValue.h" />
    <ClInclude Include="..\..\..\addons\ofxPDSP\src\DSP\dynamics\EnvelopeFollower.h" />
    <ClInclude Include="..\..\..\addons\ofxPDSP\src\DSP\dynamics\GainComputer.h" />
    <ClInclude Include="..\..\..\addons\ofxPDSP\src\DSP\dynamics\LHDelay.h" />
    <ClInclude Include="..\..\..\addons\ofxPDSP\src\DSP\dynamics\PositiveValue.h" />
    <ClInclude Include="..\..\..\addons\ofxPDSP\src\DSP\dynamics\RMSDetector.h" />
    <ClInclude Include="..\..\..\addons\ofxPDSP\src\DSP\dynamics\SquarePeakDetector.h" />
    <ClInclude Include="..\..\..\addons\ofxPDSP\src\DSP\envelopes\ADSR.h" />
    <ClInclude Include="..\..\..\addons\ofxPDSP\src\DSP\envelopes\AHR.h" />
    <ClInclude Include="..\..\..\addons\ofxPDSP\src\DSP\envelopes\stages\AttackStage.h" />
    <ClInclude Include="..\..\..\addons\ofxPDSP\src\DSP\envelopes\stages\DecayStage.h" />
    <ClInclude Include="..\..\..\addons\ofxPDSP\src\DSP\envelopes\stages\EnvelopeStage.h" />
    <ClInclude Include="..\..\..\addons\ofxPDSP\src\DSP\envelopes\stages\HoldStage.h" />
    <ClInclude Include="..\..\..\addons\ofxPDSP\src\DSP\envelopes\stages\ReleaseStage.h" />
    <ClInclude Include="..\..\..\addons\ofxPDSP\src\DSP\envelopes\stages\RiseStage.h" />
    <ClInclude Include="..\..\..\addons\ofxPDSP\src\DSP\envelopes\stages\SustainStage.h" />
    <ClInclude Include="..\..\..\addons\ofxPDSP\src\DSP\filters\APF1.h" />
    <ClInclude Include="..\..\..\addons\ofxPDSP\src\DSP\filters\APF4.h" />
    <ClInclude Include="..\..\..\addons\ofxPDSP\src\DSP\filters\biquads\BiquadBase.h" />
    <ClInclude Include="..\..\..\addons\ofxPDSP\src\DSP\filters\biquads\BiquadHighShelf.h" />
    <ClInclude Include="..\..\..\addons\ofxPDSP\src\DSP\filters\biquads\BiquadHPF2.h" />
    <ClInclude Include="..\..\..\addons\ofxPDSP\src\DSP\filters\biquads\BiquadLowShelf.h" />
    <ClInclude Include="..\..\..\addons\ofxPDSP\src\DSP\filters\biquads\BiquadLPF2.h" />
    <ClInclude Include="..\..\..\addons\ofxPDSP\src\DSP\filters\biquads\BiquadPeakEQ.h" />
    <ClInclude Include="..\..\..\addons\ofxPDSP\src\DSP\filters\MultiLadder4.h" />
    <ClInclude Include="..\..\..\addons\ofxPDSP\src\DSP\filters\OnePole.h" />
    <ClInclude Include="..\..\..\addons\ofxPDSP\src\DSP\filters\SVF2.h" />
    <ClInclude Include="..\..\..\addons\ofxPDSP\src\DSP\header.h" />
    <ClInclude Include="..\..\..\addons\ofxPDSP\src\DSP\helpers\FFTWorker.h" />
    <ClInclude Include="..\..\..\addons\ofxPDSP\src\DSP\helpers\UsesSlew.h" />
    <ClInclude Include="..\..\..\addons\ofxPDSP\src\DSP\oscillators\antialiased\BLEPSaw.h" />
    <ClInclude Include="..\..\..\addons\ofxPDSP\src\DSP\oscillators\antialiased\BLEP\BLEPBased.h" />
    <ClInclude Include="..\..\..\addons\ofxPDSP\src\DSP\oscillators\antialiased\BLEP\BLEPFunc.h" />
    <ClInclude Include="..\..\..\addons\ofxPDSP\src\DSP\oscillators\antialiased\BLEP\BLEPTable.h" />
    <ClInclude Include="..\..\..\addons\ofxPDSP\src\DSP\oscillators\antialiased\DPWTri.h" />
    <ClInclude Include="..\..\..\addons\ofxPDSP\src\DSP\oscillators\base\Oscillator.h" />
    <ClInclude Include="..\..\..\addons\ofxPDSP\src\DSP\oscillators\base\OscillatorVariShape.h" />
    <ClInclude Include="..\..\..\addons\ofxPDSP\src\DSP\oscillators\cheap\CheapPulse.h" />
    <ClInclude Include="..\..\..\addons\ofxPDSP\src\DSP\oscillators\cheap\CheapSaw.h" />
    <ClInclude Include="..\..\..\addons\ofxPDSP\src\DSP\oscillators\cheap\CheapSine.h" />
    <ClInclude Include="..\..\..\addons\ofxPDSP\src\DSP\oscillators\cheap\CheapTri.h" />
    <ClInclude Include="..\..\..\addons\ofxPDSP\src\DSP\oscillators\fm\SineFB.h" />
    <ClInclude Include="..\..\..\addons\ofxPDSP\src\DSP\oscillators\phasors\ClockedPhasor.h" />
    <ClInclude Include="..\..\..\addons\ofxPDSP\src\DSP\oscillators\phasors\LFOPhasor.h" />
    <ClInclude Include="..\..\..\addons\ofxPDSP\src\DSP\oscillators\phasors\PhasorShifter.h" />
    <ClInclude Include="..\..\..\addons\ofxPDSP\src\DSP\oscillators\phasors\PMPhasor.h" />
    <ClInclude Include="..\..\..\addons\ofxPDSP\src\DSP\oscillators\wavetable\DataOsc.h" />
    <ClInclude Include="..\..\..\addons\ofxPDSP\src\DSP\oscillators\wavetable\DataTable.h" />
    <ClInclude Include="..\..\..\addons\ofxPDSP\src\DSP\oscillators\wavetable\WaveTable.h" />
    <ClInclude Include="..\..\..\addons\ofxPDSP\src\DSP\oscillators\wavetable\WaveTableOsc.h" />
    <ClInclude Include="..\..\..\addons\ofxPDSP\src\DSP\pdspConstants.h" />
    <ClInclude Include="..\..\..\addons\ofxPDSP\src\DSP\pdspCore.h" />
    <ClInclude Include="..\..\..\addons\ofxPDSP\src\DSP\pdspFunctions.h" />
    <ClInclude Include="..\..\..\addons\ofxPDSP\src\DSP\random\TriggeredRandom.h" />
    <ClInclude Include="..\..\..\addons\ofxPDSP\src\DSP\random\WhiteNoise.h" />
    <ClInclude Include="..\..\..\addons\ofxPDSP\src\DSP\resamplers\BandLimit.h" />
    <ClInclude Include="..\..\..\addons\ofxPDSP\src\DSP\resamplers\DownSampler.h" />
    <ClInclude Include="..\..\..\addons\ofxPDSP\src\DSP\resamplers\IIRDownSampler2x.h" />
    <ClInclude Include="..\..\..\addons\ofxPDSP\src\DSP\resamplers\IIRUpSampler2x.h" />
    <ClInclude Include="..\..\..\addons\ofxPDSP\src\DSP\resamplers\resamplers.h" />
    <ClInclude Include="..\..\..\addons\ofxPDSP\src\DSP\resamplers\UpSampler.h" />
    <ClInclude Include="..\..\..\addons\ofxPDSP\src\DSP\resamplers\ZeroDownSampler.h" />
    <ClInclude Include="..\..\..\addons\ofxPDSP\src\DSP\resamplers\ZeroUpSampler.h" />
    <ClInclude Include="..\..\..\addons\ofxPDSP\src\DSP\samplers\GrainWindow.h" />
    <ClInclude Include="..\..\..\addons\ofxPDSP\src\DSP\samplers\grain\GrainBased.h" />
    <ClInclude Include="..\..\..\addons\ofxPDSP\src\DSP\samplers\grain\GrainTable.h" />
    <ClInclude Include="..\..\..\addons\ofxPDSP\src\DSP\samplers\SampleBuffer.h" />
    <ClInclude Include="..\..\..\addons\ofxPDSP\src\DSP\samplers\Sampler.h" />
    <ClInclude Include="..\..\..\addons\ofxPDSP\src\DSP\signal\Bitcruncher.h" />
    <ClInclude Include="..\..\..\addons\ofxPDSP\src\DSP\signal\Decimator.h" />
    <ClInclude Include="..\..\..\addons\ofxPDSP\src\DSP\signal\SampleAndHold.h" />
    <ClInclude Include="..\..\..\addons\ofxPDSP\src\DSP\signal\Saturator1.h" />
    <ClInclude Include="..\..\..\addons\ofxPDSP\src\DSP\signal\Saturator2.h" />
    <ClInclude Include="..\..\..\addons\ofxPDSP\src\DSP\signal\SoftClip.h" />
    <ClInclude Include="..\..\..\addons\ofxPDSP\src\DSP\utility\BipolarToUnipolar.h" />
    <ClInclude Include="..\..\..\addons\ofxPDSP\src\DSP\utility\DBtoLin.h" />
    <ClInclude Include="..\..\..\addons\ofxPDSP\src\DSP\utility\FreqToMs.h" />
    <ClInclude Include="..\..\..\addons\ofxPDSP\src\DSP\utility\LinToDB.h" />
    <ClInclude Include="..\..\..\addons\ofxPDSP\src\DSP\utility\MaxValue.h" />
    <ClInclude Include="..\..\..\addons\ofxPDSP\src\DSP\utility\OneBarTimeMs.h" />
    <ClInclude Include="..\..\..\addons\ofxPDSP\src\DSP\utility\OneMinusInput.h" />
    <ClInclude Include="..\..\..\addons\ofxPDSP\src\DSP\utility\PitchToFreq.h" />
    <ClInclude Include="..\..\..\addons\ofxPDSP\src\DSP\utility\SamplesDelay.h" />
    <ClInclude Include="..\..\..\addons\ofxPDSP\src\flags.h" />
    <ClInclude Include="..\..\..\addons\ofxPDSP\src\math\dsphelpers\calculateGainReduction.h" />
    <ClInclude Include="..\..\..\addons\ofxPDSP\src\math\dsphelpers\genPulse.h" />
    <ClInclude Include="..\..\..\addons\ofxPDSP\src\math\dsphelpers\genSaw.h" />
    <ClInclude Include="..\..\..\addons\ofxPDSP\src\math\dsphelpers\genTriangle.h" />
    <ClInclude Include="..\..\..\addons\ofxPDSP\src\math\dsphelpers\incrementCalculator.h" />
    <ClInclude Include="..\..\..\addons\ofxPDSP\src\math\dsphelpers\nonlinear1.h" />
    <ClInclude Include="..\..\..\addons\ofxPDSP\src\math\dsphelpers\phazorShifter.h" />
    <ClInclude Include="..\..\..\addons\ofxPDSP\src\math\dsphelpers\sanity_check.h" />
    <ClInclude Include="..\..\..\addons\ofxPDSP\src\math\dsphelpers\warpCutoff.h" />
    <ClInclude Include="..\..\..\addons\ofxPDSP\src\math\fft\complex_mult_add.h" />
    <ClInclude Include="..\..\..\addons\ofxPDSP\src\math\fft\include_audiofft.h" />
    <ClInclude Include="..\..\..\addons\ofxPDSP\src\math\functions.h" />
    <ClInclude Include="..\..\..\addons\ofxPDSP\src\math\header.h" />
    <ClInclude Include="..\..\..\addons\ofxPDSP\src\math\interpolation\cosine.h" />
    <ClInclude Include="..\..\..\addons\ofxPDSP\src\math\interpolation\hermite.h" />
    <ClInclude Include="..\..\..\addons\ofxPDSP\src\math\interpolation\linear.h" />
    <ClInclude Include="..\..\..\addons\ofxPDSP\src\math\interpolation\smooth.h" />
    <ClInclude Include="..\..\..\addons\ofxPDSP\src\math\random\random.h" />
    <ClInclude Include="..\..\..\addons\ofxPDSP\src\math\simd\core\activate.h" />
    <ClInclude Include="..\..\..\addons\ofxPDSP\src\math\simd\core\allocator.h" />
    <ClInclude Include="..\..\..\addons\ofxPDSP\src\math\simd\core\flags.h" />
    <ClInclude Include="..\..\..\addons\ofxPDSP\src\math\simd\core\inlines.h" />
    <ClInclude Include="..\..\..\addons\ofxPDSP\src\math\simd\functions.h" />
    <ClInclude Include="..\..\..\addons\ofxPDSP\src\math\simd\functions\floor.h" />
    <ClInclude Include="..\..\..\addons\ofxPDSP\src\math\simd\functions\mathfun.h" />
    <ClInclude Include="..\..\..\addons\ofxPDSP\src\math\simd\functions\mathfun\mathfun_NEON.h" />
    <ClInclude Include="..\..\..\addons\ofxPDSP\src\math\simd\functions\mathfun\mathfun_SSE2.h" />
    <ClInclude Include="..\..\..\addons\ofxPDSP\src\math\simd\functions\simd_wrapper.h" />
    <ClInclude Include="..\..\..\addons\ofxPDSP\src\math\simd\functions\ternaryOp.h" />
    <ClInclude Include="..\..\..\addons\ofxPDSP\src\math\simd\header.h" />
    <ClInclude Include="..\..\..\addons\ofxPDSP\src\math\simd\kernels\inline_logSB.h" />
    <ClInclude Include="..\..\..\addons\ofxPDSP\src\math\simd\kernels\inline_powSB.h" />
    <ClInclude Include="..\..\..\addons\ofxPDSP\src\math\simd\kernels\inline_ramp.h" />
    <ClInclude Include="..\..\..\addons\ofxPDSP\src\math\simd\kernels\kernel_1divB.h" />
    <ClInclude Include="..\..\..\addons\ofxPDSP\src\math\simd\kernels\kernel_absB.h" />
    <ClInclude Include="..\..\..\addons\ofxPDSP\src\math\simd\kernels\kernel_B.h" />
    <ClInclude Include="..\..\..\addons\ofxPDSP\src\math\simd\kernels\kernel_BaddC.h" />
    <ClInclude Include="..\..\..\addons\ofxPDSP\src\math\simd\kernels\kernel_BaddS.h" />
    <ClInclude Include="..\..\..\addons\ofxPDSP\src\math\simd\kernels\kernel_Badd_CmulS.h" />
    <ClInclude Include="..\..\..\addons\ofxPDSP\src\math\simd\kernels\kernel_BdivC.h" />
    <ClInclude Include="..\..\..\addons\ofxPDSP\src\math\simd\kernels\kernel_BmulC.h" />
    <ClInclude Include="..\..\..\addons\ofxPDSP\src\math\simd\kernels\kernel_BmulS.h" />
    <ClInclude Include="..\..\..\addons\ofxPDSP\src\math\simd\kernels\kernel_BsubC.h" />
    <ClInclude Include="..\..\..\addons\ofxPDSP\src\math\simd\kernels\kernel_BsubS.h" />
    <ClInclude Include="..\..\..\addons\ofxPDSP\src\math\simd\kernels\kernel_clipB.h" />
    <ClInclude Include="..\..\..\addons\ofxPDSP\src\math\simd\kernels\kernel_cosB.h" />
    <ClInclude Include="..\..\..\addons\ofxPDSP\src\math\simd\kernels\kernel_expB.h" />
    <ClInclude Include="..\..\..\addons\ofxPDSP\src\math\simd\kernels\kernel_floorB.h" />
    <ClInclude Include="..\..\..\addons\ofxPDSP\src\math\simd\kernels\kernel_logB.h" />
    <ClInclude Include="..\..\..\addons\ofxPDSP\src\math\simd\kernels\kernel_maxBC.h" />
    <ClInclude Include="..\..\..\addons\ofxPDSP\src\math\simd\kernels\kernel_maxBS.h" />
    <ClInclude Include="..\..\..\addons\ofxPDSP\src\math\simd\kernels\kernel_minBC.h" />
    <ClInclude Include="..\..\..\addons\ofxPDSP\src\math\simd\kernels\kernel_minBS.h" />
    <ClInclude Include="..\..\..\addons\ofxPDSP\src\math\simd\kernels\kernel_negB.h" />
    <ClInclude Include="..\..\..\addons\ofxPDSP\src\math\simd\kernels\kernel_S.h" />
    <ClInclude Include="..\..\..\addons\ofxPDSP\src\math\simd\kernels\kernel_sinB.h" />
    <ClInclude Include="..\..\..\addons\ofxPDSP\src\math\simd\kernels\kernel_sqrtB.h" />
    <ClInclude Include="..\..\..\addons\ofxPDSP\src\math\simd\kernels\kernel_SsubB.h" />
    <ClInclude Include="..\..\..\addons\ofxPDSP\src\math\simd\kernels\kernel_tanB.h" />
    <ClInclude Include="..\..\..\addons\ofxPDSP\src\math\simd\kernels\kernel_Zero.h" />
    <ClInclude Include="..\..\..\addons\ofxPDSP\src\math\simd\vectors\vect_ops.h" />
    <ClInclude Include="..\..\..\addons\ofxPDSP\src\math\simd\vectors\vect_transform.h" />
    <ClInclude Include="..\..\..\addons\ofxPDSP\src\math\tables\blep.h" />
    <ClInclude Include="..\..\..\addons\ofxPDSP\src\math\tables\dsp_windows.h" />
    <ClInclude Include="..\..\..\addons\ofxPDSP\src\math\trig\fastcos.h" />
    <ClInclude Include="..\..\..\addons\ofxPDSP\src\math\trig\fastsin.h" />
    <ClInclude Include="..\..\..\addons\ofxPDSP\src\math\trig\fasttan.h" />
    <ClInclude Include="..\..\..\addons\ofxPDSP\src\math\trig\fasttanh.h" />
    <ClInclude Include="..\..\..\addons\ofxPDSP\src\messages\Clockable.h" />
    <ClInclude Include="..\..\..\addons\ofxPDSP\src\messages\ExtSequencer.h" />
    <ClInclude Include="..\..\..\addons\ofxPDSP\src\messages\header.h" />
    <ClInclude Include="..\..\..\addons\ofxPDSP\src\messages\Message.h" />
    <ClInclude Include="..\..\..\addons\ofxPDSP\src\messages\MessageBuffer.h" />
    <ClInclude Include="..\..\..\addons\ofxPDSP\src\modules\dynamics\Compressor.h" />
    <ClInclude Include="..\..\..\addons\ofxPDSP\src\modules\dynamics\Ducker.h" />
    <ClInclude Include="..\..\..\addons\ofxPDSP\src\modules\effects\DimensionChorus.h" />
    <ClInclude Include="..\..\..\addons\ofxPDSP\src\modules\equalizers\AAHighShelfEQ.h" />
    <ClInclude Include="..\..\..\addons\ofxPDSP\src\modules\equalizers\AALowShelfEQ.h" />
    <ClInclude Include="..\..\..\addons\ofxPDSP\src\modules\equalizers\AAPeakEQ.h" />
    <ClInclude Include="..\..\..\addons\ofxPDSP\src\modules\equalizers\HighCut.h" />
    <ClInclude Include="..\..\..\addons\ofxPDSP\src\modules\equalizers\HighShelfEQ.h" />
    <ClInclude Include="..\..\..\addons\ofxPDSP\src\modules\equalizers\LowCut.h" />
    <ClInclude Include="..\..\..\addons\ofxPDSP\src\modules\equalizers\LowShelfEQ.h" />
    <ClInclude Include="..\..\..\addons\ofxPDSP\src\modules\equalizers\PeakEQ.h" />
    <ClInclude Include="..\..\..\addons\ofxPDSP\src\modules\filters\CombFilter.h" />
    <ClInclude Include="..\..\..\addons\ofxPDSP\src\modules\filters\PhaserFilter.h" />
    <ClInclude Include="..\..\..\addons\ofxPDSP\src\modules\filters\SVFilter.h" />
    <ClInclude Include="..\..\..\addons\ofxPDSP\src\modules\filters\VAFilter.h" />
    <ClInclude Include="..\..\..\addons\ofxPDSP\src\modules\header.h" />
    <ClInclude Include="..\..\..\addons\ofxPDSP\src\modules\oscillators\ADSR_OSC.h" />
    <ClInclude Include="..\..\..\addons\ofxPDSP\src\modules\oscillators\ClockedLFO.h" />
    <ClInclude Include="..\..\..\addons\ofxPDSP\src\modules\oscillators\DataOscillator.h" />
    <ClInclude Include="..\..\..\addons\ofxPDSP\src\modules\oscillators\FMOperator.h" />
    <ClInclude Include="..\..\..\addons\ofxPDSP\src\modules\oscillators\LFO.h" />
    <ClInclude Include="..\..\..\addons\ofxPDSP\src\modules\oscillators\TableOscillator.h" />
    <ClInclude Include="..\..\..\addons\ofxPDSP\src\modules\oscillators\VAOscillator.h" />
    <ClInclude Include="..\..\..\addons\ofxPDSP\src\modules\reverbs\BasiVerb.h" />
    <ClInclude Include="..\..\..\addons\ofxPDSP\src\modules\reverbs\IRVerb.h" />
    <ClInclude Include="..\..\..\addons\ofxPDSP\src\modules\samplers\GrainCloud.h" />
    <ClInclude Include="..\..\..\addons\ofxPDSP\src\modules\samplers\TriggeredGrain.h" />
    <ClInclude Include="..\..\..\addons\ofxPDSP\src\modules\signal\LinearCrossfader.h" />
    <ClInclude Include="..\..\..\addons\ofxPDSP\src\modules\signal\Panner.h" />
    <ClInclude Include="..\..\..\addons\ofxPDSP\src\modules\sources\BitNoise.h" />
    <ClInclude Include="..\..\..\addons\ofxPDSP\src\ofxPDSP.h" />
    <ClInclude Include="..\..\..\addons\ofxPDSP\src\ofxPDSPLegacy.h" />
    <ClInclude Include="..\..\..\addons\ofxPDSP\src\ofx\ComputerKeyboard.h" />
    <ClInclude Include="..\..\..\addons\ofxPDSP\src\ofx\Engine.h" />
    <ClInclude Include="..\..\..\addons\ofxPDSP\src\ofx\helper\Controller.h" />
    <ClInclude Include="..\..\..\addons\ofxPDSP\src\ofx\helper\EngineGraphics.h" />
    <ClInclude Include="..\..\..\addons\ofxPDSP\src\ofx\helper\MidiCCBuffers.h" />
    <ClInclude Include="..\..\..\addons\ofxPDSP\src\ofx\helper\MidiKeysBuffers.h" />
    <ClInclude Include="..\..\..\addons\ofxPDSP\src\ofx\helper\PositionedMidiMessage.h" />
    <ClInclude Include="..\..\..\addons\ofxPDSP\src\ofx\helper\SequencerSectionPlotter.h" />
    <ClInclude Include="..\..\..\addons\ofxPDSP\src\ofx\Midi.h" />
    <ClInclude Include="..\..\..\addons\ofxPDSP\src\ofx\MidiControls.h" />
    <ClInclude Include="..\..\..\addons\ofxPDSP\src\ofx\MidiIn.h" />
    <ClInclude Include="..\..\..\addons\ofxPDSP\src\ofx\MidiKeys.h" />
    <ClInclude Include="..\..\..\addons\ofxPDSP\src\ofx\MidiOut.h" />
    <ClInclude Include="..\..\..\addons\ofxPDSP\src\ofx\MidiPads.h" />
    <ClInclude Include="..\..\..\addons\ofxPDSP\src\ofx\ofxPDSPFunctions.h" />
    <ClInclude Include="..\..\..\addons\ofxPDSP\src\ofx\OscInput.h" />
    <ClInclude Include="..\..\..\addons\ofxPDSP\src\ofx\OscOutput.h" />
    <ClInclude Include="..\..\..\addons\ofxPDSP\src\ofx\Parameter.h" />
    <ClInclude Include="..\..\..\addons\ofxPDSP\src\ofx\ParameterAmp.h" />
    <ClInclude Include="..\..\..\addons\ofxPDSP\src\ofx\ParameterGain.h" />
    <ClInclude Include="..\..\..\addons\ofxPDSP\src\ofx\SampleBufferPlotter.h" />
    <ClInclude Include="..\..\..\addons\ofxPDSP\src\ofx\Scope.h" />
    <ClInclude Include="..\..\..\addons\ofxPDSP\src\ofx\SerialOut.h" />
    <ClInclude Include="..\..\..\addons\ofxPDSP\src\ofx\Wrapper.h" />
    <ClInclude Include="..\..\..\addons\ofxPDSP\src\sequencer\header.h" />
    <ClInclude Include="..\..\..\addons\ofxPDSP\src\sequencer\Sequence.h" />
    <ClInclude Include="..\..\..\addons\ofxPDSP\src\sequencer\SequencerMessage.h" />
    <ClInclude Include="..\..\..\addons\ofxPDSP\src\sequencer\SequencerProcessor.h" />
    <ClInclude Include="..\..\..\addons\ofxPDSP\src\sequencer\SequencerSection.h" />
    <ClInclude Include="..\..\..\addons\ofxPDSP\src\sequencer\stockBehaviors.h" />
    <ClInclude Include="..\..\..\addons\ofxPDSP\src\types.h" />
    <ClInclude Include="..\..\..\addons\ofxXmlSettings\libs\tinyxml.h" />
    <ClInclude Include="..\..\..\addons\ofxXmlSettings\src\ofxXmlSettings.h" />
    <ClInclude Include="..\src\ofxPDSPTools.h">
      <Filter>addons\ofxPDSPTools</Filter>
    </ClInclude>
    <ClInclude Include="..\src\patch\PatchFilesStore.h">
      <Filter>addons\ofxPDSPTools\patch</Filter>
    </ClInclude>
    <ClInclude Include="..\src\patch\PatchParams.h">
      <Filter>addons\ofxPDSPTools\patch</Filter>
    </ClInclude>
    <ClInclude Include="..\src\synth\oscWaveSelectDetune.h">
      <Filter>addons\ofxPDSPTools\synth</Filter>
    </ClInclude>
    <ClInclude Include="..\src\synth\SubstractiveSynth.h">
      <Filter>addons\ofxPDSPTools\synth</Filter>
    </ClInclude>
    <ClInclude Include="..\src\synth\SubstractiveSynthParams.h">
      <Filter>addons\ofxPDSPTools\synth</Filter>
    </ClInclude>
    <ClInclude Include="..\src\synth\SubstractiveVoice.h">
      <Filter>addons\ofxPDSPTools\synth</Filter>
    </ClInclude>
    <ClInclude Include="..\src\synth\SynthA.h">
      <Filter>addons\ofxPDSPTools\synth</Filter>
    </ClInclude>
    <ClInclude Include="..\src\synth\SynthBase.h">
      <Filter>addons\ofxPDSPTools\synth</Filter>
    </ClInclude>
    <ClInclude Include="..\src\synth\VEOscADSRFilter.h">
      <Filter>addons\ofxPDSPTools\synth</Filter>
    </ClInclude>
    <ClInclude Include="..\src\synth\VEOscLFO.h">
      <Filter>addons\ofxPDSPTools\synth</Filter>
    </ClInclude>
    <ClInclude Include="..\src\synth\VESingleOSC.h">
      <Filter>addons\ofxPDSPTools\synth</Filter>
    </ClInclude>
    <ClInclude Include="..\src\synth\VoiceBase.h">
      <Filter>addons\ofxPDSPTools\synth</Filter>
    </ClInclude>
    <ClInclude Include="..\src\synth\VoiceElement.h">
      <Filter>addons\ofxPDSPTools\synth</Filter>
    </ClInclude>
    <ClInclude Include="..\src\synth\voiceFullFeatures.h">
      <Filter>addons\ofxPDSPTools\synth</Filter>
    </ClInclude>
    <ClInclude Include="..\src\ui\ofxImGuiLoadSavePatchs.h">
      <Filter>addons\ofxPDSPTools\ui</Filter>
    </ClInclude>
    <ClInclude Include="..\src\ui\ofxImGuiMIDIDevicesSelector.h">
      <Filter>addons\ofxPDSPTools\ui</Filter>
    </ClInclude>
    <ClInclude Include="..\src\ui\ofxImGuiPatchParamsUI.h">
      <Filter>addons\ofxPDSPTools\ui</Filter>
    </ClInclude>
    <ClInclude Include="..\src\ui\PatchParamsLayout.h">
      <Filter>addons\ofxPDSPTools\ui</Filter>
    </ClInclude>
    <ClInclude Include="..\src\ui\PatchParamsOfxImGui.h">
      <Filter>addons\ofxPDSPTools\ui</Filter>
    </ClInclude>
  </ItemGroup>
  <ItemGroup>
    <ResourceCompile Include="icon.rc" />
  </ItemGroup>
</Project>